
Microsoft Visual Studio Solution File, Format Version 12.00
# Visual Studio Version 17
VisualStudioVersion = 17.8.34330.188
MinimumVisualStudioVersion = 10.0.40219.1
Project("{FAE04EC0-301F-11D3-BF4B-00C04F79EFBC}") = "6.Working with numbers", "6.Working with numbers\6.Working with numbers.csproj", "{03E6D612-EEB0-4E83-8456-5B64CD78790C}"
EndProject
Global
	GlobalSection(SolutionConfigurationPlatforms) = preSolution
		Debug|Any CPU = Debug|Any CPU
		Release|Any CPU = Release|Any CPU
	EndGlobalSection
	GlobalSection(ProjectConfigurationPlatforms) = postSolution
		{03E6D612-EEB0-4E83-8456-5B64CD78790C}.Debug|Any CPU.ActiveCfg = Debug|Any CPU
		{03E6D612-EEB0-4E83-8456-5B64CD78790C}.Debug|Any CPU.Build.0 = Debug|Any CPU
		{03E6D612-EEB0-4E83-8456-5B64CD78790C}.Release|Any CPU.ActiveCfg = Release|Any CPU
		{03E6D612-EEB0-4E83-8456-5B64CD78790C}.Release|Any CPU.Build.0 = Release|Any CPU
	EndGlobalSection
	GlobalSection(SolutionProperties) = preSolution
		HideSolutionNode = FALSE
	EndGlobalSection
	GlobalSection(ExtensibilityGlobals) = postSolution
		SolutionGuid = {43F8889F-04B0-4A0E-8731-9B1A5691F703}
	EndGlobalSection
EndGlobal
